
Microsoft Visual Studio Solution File, Format Version 12.00
Project("{FAE04EC0-301F-11D3-BF4B-00C04F79EFBC}") = "Akka.Persistence.Benchmarks", "src\Akka.Persistence.Benchmarks\Akka.Persistence.Benchmarks.csproj", "{EA7E363E-D1C1-49B7-AA57-4785B9190CF8}"
EndProject
Project("{2150E333-8FDC-42A3-9474-1A3956D46DE8}") = "SolutionFolder", "SolutionFolder", "{CB6C1195-5067-47DB-8196-75576697DFCC}"
	ProjectSection(SolutionItems) = preProject
		coverlet.runsettings = coverlet.runsettings
		Directory.Build.props = Directory.Build.props
		Directory.Packages.props = Directory.Packages.props
		global.json = global.json
		README.md = README.md
		RELEASE_NOTES.md = RELEASE_NOTES.md
	EndProjectSection
EndProject
Global
	GlobalSection(SolutionConfigurationPlatforms) = preSolution
		Debug|Any CPU = Debug|Any CPU
		Release|Any CPU = Release|Any CPU
	EndGlobalSection
	GlobalSection(ProjectConfigurationPlatforms) = postSolution
		{EA7E363E-D1C1-49B7-AA57-4785B9190CF8}.Debug|Any CPU.ActiveCfg = Debug|Any CPU
		{EA7E363E-D1C1-49B7-AA57-4785B9190CF8}.Debug|Any CPU.Build.0 = Debug|Any CPU
		{EA7E363E-D1C1-49B7-AA57-4785B9190CF8}.Release|Any CPU.ActiveCfg = Release|Any CPU
		{EA7E363E-D1C1-49B7-AA57-4785B9190CF8}.Release|Any CPU.Build.0 = Release|Any CPU
	EndGlobalSection
EndGlobal
